# This file is automatically @generated by Cargo.
# It is not intended for manual editing.
version = 3

[[package]]
name = "accept-language"
version = "3.1.0"
source = "registry+https://github.com/rust-lang/crates.io-index"
checksum = "8f27d075294830fcab6f66e320dab524bc6d048f4a151698e153205559113772"

[[package]]
name = "async-trait"
version = "0.1.80"
source = "registry+https://github.com/rust-lang/crates.io-index"
checksum = "c6fa2087f2753a7da8cc1c0dbfcf89579dd57458e36769de5ac750b4671737ca"
dependencies = [
 "proc-macro2",
 "quote",
 "syn 2.0.65",
]

[[package]]
name = "axum-core"
version = "0.4.3"
source = "registry+https://github.com/rust-lang/crates.io-index"
checksum = "a15c63fd72d41492dc4f497196f5da1fb04fb7529e631d73630d1b491e47a2e3"
dependencies = [
 "async-trait",
 "bytes",
 "futures-util",
 "http",
 "http-body",
 "http-body-util",
 "mime",
 "pin-project-lite",
 "rustversion",
 "sync_wrapper",
 "tower-layer",
 "tower-service",
]

[[package]]
name = "bytes"
version = "1.6.0"
source = "registry+https://github.com/rust-lang/crates.io-index"
checksum = "514de17de45fdb8dc022b1a7975556c53c86f9f0aa5f534b98977b171857c2c9"

[[package]]
name = "convert_case"
version = "0.6.0"
source = "registry+https://github.com/rust-lang/crates.io-index"
checksum = "ec182b0ca2f35d8fc196cf3404988fd8b8c739a4d270ff118a398feb0cbec1ca"
dependencies = [
 "unicode-segmentation",
]

[[package]]
name = "displaydoc"
version = "0.2.4"
source = "registry+https://github.com/rust-lang/crates.io-index"
checksum = "487585f4d0c6655fe74905e2504d8ad6908e4db67f744eb140876906c2f3175d"
dependencies = [
 "proc-macro2",
 "quote",
 "syn 2.0.65",
]

[[package]]
name = "example"
version = "0.1.0"
dependencies = [
 "fluent-static",
 "fluent-static-codegen",
]

[[package]]
name = "fluent-bundle"
version = "0.15.3"
source = "registry+https://github.com/rust-lang/crates.io-index"
checksum = "7fe0a21ee80050c678013f82edf4b705fe2f26f1f9877593d13198612503f493"
dependencies = [
 "fluent-langneg",
 "fluent-syntax",
 "intl-memoizer",
 "intl_pluralrules",
 "rustc-hash",
 "self_cell 0.10.3",
 "smallvec",
 "unic-langid",
]

[[package]]
name = "fluent-langneg"
version = "0.13.0"
source = "registry+https://github.com/rust-lang/crates.io-index"
checksum = "2c4ad0989667548f06ccd0e306ed56b61bd4d35458d54df5ec7587c0e8ed5e94"
dependencies = [
 "unic-langid",
]

[[package]]
name = "fluent-static"
version = "0.1.0"
dependencies = [
 "accept-language",
 "async-trait",
 "axum-core",
 "fluent-bundle",
 "http",
 "maud",
 "once_cell",
 "unic-langid",
]

[[package]]
name = "fluent-static-codegen"
version = "0.1.0"
dependencies = [
 "accept-language",
 "convert_case",
 "fluent-bundle",
 "fluent-syntax",
 "once_cell",
 "proc-macro2",
 "quote",
 "syn 1.0.109",
 "thiserror",
 "unic-langid",
]

[[package]]
name = "fluent-syntax"
version = "0.11.1"
source = "registry+https://github.com/rust-lang/crates.io-index"
checksum = "2a530c4694a6a8d528794ee9bbd8ba0122e779629ac908d15ad5a7ae7763a33d"
dependencies = [
 "thiserror",
]

[[package]]
name = "fnv"
version = "1.0.7"
source = "registry+https://github.com/rust-lang/crates.io-index"
checksum = "3f9eec918d3f24069decb9af1554cad7c880e2da24a9afd88aca000531ab82c1"

[[package]]
name = "futures-core"
version = "0.3.30"
source = "registry+https://github.com/rust-lang/crates.io-index"
checksum = "dfc6580bb841c5a68e9ef15c77ccc837b40a7504914d52e47b8b0e9bbda25a1d"

[[package]]
name = "futures-task"
version = "0.3.30"
source = "registry+https://github.com/rust-lang/crates.io-index"
checksum = "38d84fa142264698cdce1a9f9172cf383a0c82de1bddcf3092901442c4097004"

[[package]]
name = "futures-util"
version = "0.3.30"
source = "registry+https://github.com/rust-lang/crates.io-index"
checksum = "3d6401deb83407ab3da39eba7e33987a73c3df0c82b4bb5813ee871c19c41d48"
dependencies = [
 "futures-core",
 "futures-task",
 "pin-project-lite",
 "pin-utils",
]

[[package]]
name = "http"
version = "1.1.0"
source = "registry+https://github.com/rust-lang/crates.io-index"
checksum = "21b9ddb458710bc376481b842f5da65cdf31522de232c1ca8146abce2a358258"
dependencies = [
 "bytes",
 "fnv",
 "itoa",
]

[[package]]
name = "http-body"
version = "1.0.0"
source = "registry+https://github.com/rust-lang/crates.io-index"
checksum = "1cac85db508abc24a2e48553ba12a996e87244a0395ce011e62b37158745d643"
dependencies = [
 "bytes",
 "http",
]

[[package]]
name = "http-body-util"
version = "0.1.1"
source = "registry+https://github.com/rust-lang/crates.io-index"
checksum = "0475f8b2ac86659c21b64320d5d653f9efe42acd2a4e560073ec61a155a34f1d"
dependencies = [
 "bytes",
 "futures-core",
 "http",
 "http-body",
 "pin-project-lite",
]

[[package]]
name = "intl-memoizer"
version = "0.5.2"
source = "registry+https://github.com/rust-lang/crates.io-index"
checksum = "fe22e020fce238ae18a6d5d8c502ee76a52a6e880d99477657e6acc30ec57bda"
dependencies = [
 "type-map",
 "unic-langid",
]

[[package]]
name = "intl_pluralrules"
version = "7.0.2"
source = "registry+https://github.com/rust-lang/crates.io-index"
checksum = "078ea7b7c29a2b4df841a7f6ac8775ff6074020c6776d48491ce2268e068f972"
dependencies = [
 "unic-langid",
]

[[package]]
name = "itoa"
version = "1.0.11"
source = "registry+https://github.com/rust-lang/crates.io-index"
checksum = "49f1f14873335454500d59611f1cf4a4b0f786f9ac11f4312a78e4cf2566695b"

[[package]]
name = "maud"
version = "0.26.0"
source = "registry+https://github.com/rust-lang/crates.io-index"
checksum = "df518b75016b4289cdddffa1b01f2122f4a49802c93191f3133f6dc2472ebcaa"
dependencies = [
 "itoa",
 "maud_macros",
]

[[package]]
name = "maud_macros"
version = "0.26.0"
source = "registry+https://github.com/rust-lang/crates.io-index"
checksum = "fa453238ec218da0af6b11fc5978d3b5c3a45ed97b722391a2a11f3306274e18"
dependencies = [
 "proc-macro-error",
 "proc-macro2",
 "quote",
 "syn 2.0.65",
]

[[package]]
name = "mime"
version = "0.3.17"
source = "registry+https://github.com/rust-lang/crates.io-index"
checksum = "6877bb514081ee2a7ff5ef9de3281f14a4dd4bceac4c09388074a6b5df8a139a"

[[package]]
name = "once_cell"
version = "1.19.0"
source = "registry+https://github.com/rust-lang/crates.io-index"
checksum = "3fdb12b2476b595f9358c5161aa467c2438859caa136dec86c26fdd2efe17b92"

[[package]]
name = "pin-project-lite"
version = "0.2.14"
source = "registry+https://github.com/rust-lang/crates.io-index"
checksum = "bda66fc9667c18cb2758a2ac84d1167245054bcf85d5d1aaa6923f45801bdd02"

[[package]]
name = "pin-utils"
version = "0.1.0"
source = "registry+https://github.com/rust-lang/crates.io-index"
checksum = "8b870d8c151b6f2fb93e84a13146138f05d02ed11c7e7c54f8826aaaf7c9f184"

[[package]]
name = "proc-macro-error"
version = "1.0.4"
source = "registry+https://github.com/rust-lang/crates.io-index"
checksum = "da25490ff9892aab3fcf7c36f08cfb902dd3e71ca0f9f9517bea02a73a5ce38c"
dependencies = [
 "proc-macro-error-attr",
 "proc-macro2",
 "quote",
 "version_check",
]

[[package]]
name = "proc-macro-error-attr"
version = "1.0.4"
source = "registry+https://github.com/rust-lang/crates.io-index"
checksum = "a1be40180e52ecc98ad80b184934baf3d0d29f979574e439af5a55274b35f869"
dependencies = [
 "proc-macro2",
 "quote",
 "version_check",
]

[[package]]
name = "proc-macro-hack"
version = "0.5.20+deprecated"
source = "registry+https://github.com/rust-lang/crates.io-index"
checksum = "dc375e1527247fe1a97d8b7156678dfe7c1af2fc075c9a4db3690ecd2a148068"

[[package]]
name = "proc-macro2"
version = "1.0.83"
source = "registry+https://github.com/rust-lang/crates.io-index"
checksum = "0b33eb56c327dec362a9e55b3ad14f9d2f0904fb5a5b03b513ab5465399e9f43"
dependencies = [
 "unicode-ident",
]

[[package]]
name = "quote"
version = "1.0.36"
source = "registry+https://github.com/rust-lang/crates.io-index"
checksum = "0fa76aaf39101c457836aec0ce2316dbdc3ab723cdda1c6bd4e6ad4208acaca7"
dependencies = [
 "proc-macro2",
]

[[package]]
name = "rustc-hash"
version = "1.1.0"
source = "registry+https://github.com/rust-lang/crates.io-index"
checksum = "08d43f7aa6b08d49f382cde6a7982047c3426db949b1424bc4b7ec9ae12c6ce2"

[[package]]
name = "rustversion"
version = "1.0.17"
source = "registry+https://github.com/rust-lang/crates.io-index"
checksum = "955d28af4278de8121b7ebeb796b6a45735dc01436d898801014aced2773a3d6"

[[package]]
name = "self_cell"
version = "0.10.3"
source = "registry+https://github.com/rust-lang/crates.io-index"
checksum = "e14e4d63b804dc0c7ec4a1e52bcb63f02c7ac94476755aa579edac21e01f915d"
dependencies = [
 "self_cell 1.0.4",
]

[[package]]
name = "self_cell"
version = "1.0.4"
source = "registry+https://github.com/rust-lang/crates.io-index"
checksum = "d369a96f978623eb3dc28807c4852d6cc617fed53da5d3c400feff1ef34a714a"

[[package]]
name = "smallvec"
version = "1.13.2"
source = "registry+https://github.com/rust-lang/crates.io-index"
checksum = "3c5e1a9a646d36c3599cd173a41282daf47c44583ad367b8e6837255952e5c67"

[[package]]
name = "syn"
version = "1.0.109"
source = "registry+https://github.com/rust-lang/crates.io-index"
checksum = "72b64191b275b66ffe2469e8af2c1cfe3bafa67b529ead792a6d0160888b4237"
dependencies = [
 "proc-macro2",
 "quote",
 "unicode-ident",
]

[[package]]
name = "syn"
version = "2.0.65"
source = "registry+https://github.com/rust-lang/crates.io-index"
checksum = "d2863d96a84c6439701d7a38f9de935ec562c8832cc55d1dde0f513b52fad106"
dependencies = [
 "proc-macro2",
 "quote",
 "unicode-ident",
]

[[package]]
name = "sync_wrapper"
version = "0.1.2"
source = "registry+https://github.com/rust-lang/crates.io-index"
checksum = "2047c6ded9c721764247e62cd3b03c09ffc529b2ba5b10ec482ae507a4a70160"

[[package]]
name = "thiserror"
version = "1.0.61"
source = "registry+https://github.com/rust-lang/crates.io-index"
checksum = "c546c80d6be4bc6a00c0f01730c08df82eaa7a7a61f11d656526506112cc1709"
dependencies = [
 "thiserror-impl",
]

[[package]]
name = "thiserror-impl"
version = "1.0.61"
source = "registry+https://github.com/rust-lang/crates.io-index"
checksum = "46c3384250002a6d5af4d114f2845d37b57521033f30d5c3f46c4d70e1197533"
dependencies = [
 "proc-macro2",
 "quote",
 "syn 2.0.65",
]

[[package]]
name = "tinystr"
version = "0.7.5"
source = "registry+https://github.com/rust-lang/crates.io-index"
checksum = "83c02bf3c538ab32ba913408224323915f4ef9a6d61c0e85d493f355921c0ece"
dependencies = [
 "displaydoc",
]

[[package]]
name = "tower-layer"
version = "0.3.2"
source = "registry+https://github.com/rust-lang/crates.io-index"
checksum = "c20c8dbed6283a09604c3e69b4b7eeb54e298b8a600d4d5ecb5ad39de609f1d0"

[[package]]
name = "tower-service"
version = "0.3.2"
source = "registry+https://github.com/rust-lang/crates.io-index"
checksum = "b6bc1c9ce2b5135ac7f93c72918fc37feb872bdc6a5533a8b85eb4b86bfdae52"

[[package]]
name = "type-map"
version = "0.5.0"
source = "registry+https://github.com/rust-lang/crates.io-index"
checksum = "deb68604048ff8fa93347f02441e4487594adc20bb8a084f9e564d2b827a0a9f"
dependencies = [
 "rustc-hash",
]

[[package]]
name = "unic-langid"
version = "0.9.5"
source = "registry+https://github.com/rust-lang/crates.io-index"
checksum = "23dd9d1e72a73b25e07123a80776aae3e7b0ec461ef94f9151eed6ec88005a44"
dependencies = [
 "unic-langid-impl",
 "unic-langid-macros",
]

[[package]]
name = "unic-langid-impl"
version = "0.9.5"
source = "registry+https://github.com/rust-lang/crates.io-index"
checksum = "0a5422c1f65949306c99240b81de9f3f15929f5a8bfe05bb44b034cc8bf593e5"
dependencies = [
 "tinystr",
]

[[package]]
name = "unic-langid-macros"
version = "0.9.5"
source = "registry+https://github.com/rust-lang/crates.io-index"
checksum = "0da1cd2c042d3c7569a1008806b02039e7a4a2bdf8f8e96bd3c792434a0e275e"
dependencies = [
 "proc-macro-hack",
 "tinystr",
 "unic-langid-impl",
 "unic-langid-macros-impl",
]

[[package]]
name = "unic-langid-macros-impl"
version = "0.9.5"
source = "registry+https://github.com/rust-lang/crates.io-index"
checksum = "1ed7f4237ba393424195053097c1516bd4590dc82b84f2f97c5c69e12704555b"
dependencies = [
 "proc-macro-hack",
 "quote",
 "syn 2.0.65",
 "unic-langid-impl",
]

[[package]]
name = "unicode-ident"
version = "1.0.12"
source = "registry+https://github.com/rust-lang/crates.io-index"
checksum = "3354b9ac3fae1ff6755cb6db53683adb661634f67557942dea4facebec0fee4b"

[[package]]
name = "unicode-segmentation"
version = "1.11.0"
source = "registry+https://github.com/rust-lang/crates.io-index"
checksum = "d4c87d22b6e3f4a18d4d40ef354e97c90fcb14dd91d7dc0aa9d8a1172ebf7202"

[[package]]
name = "version_check"
version = "0.9.4"
source = "registry+https://github.com/rust-lang/crates.io-index"
checksum = "49874b5167b65d7193b8aba1567f5c7d93d001cafc34600cee003eda787e483f"
